// !$*UTF8*$!
{
	archiveVersion = 1;
	classes = {
	};
	objectVersion = 56;
	objects = {

/* Begin PBXBuildFile section */
		200DF34029BF299C00E955E8 /* QuestionStrategy.swift in Sources */ = {isa = PBXBuildFile; fileRef = 200DF33F29BF299C00E955E8 /* QuestionStrategy.swift */; };
		200DF34229BF2B4500E955E8 /* SequentialQuestionStrategy.swift in Sources */ = {isa = PBXBuildFile; fileRef = 200DF34129BF2B4500E955E8 /* SequentialQuestionStrategy.swift */; };
		200DF34429BF2D7100E955E8 /* RandomQuestionStrategy.swift in Sources */ = {isa = PBXBuildFile; fileRef = 200DF34329BF2D7100E955E8 /* RandomQuestionStrategy.swift */; };
		200DF34629BF408000E955E8 /* AppSettings.swift in Sources */ = {isa = PBXBuildFile; fileRef = 200DF34529BF408000E955E8 /* AppSettings.swift */; };
		20591E1229C079F900BAFFCD /* DiskCaretaker.swift in Sources */ = {isa = PBXBuildFile; fileRef = 20591E1129C079F900BAFFCD /* DiskCaretaker.swift */; };
		20591E1429C07FF000BAFFCD /* QuestionGroupCaretaker.swift in Sources */ = {isa = PBXBuildFile; fileRef = 20591E1329C07FF000BAFFCD /* QuestionGroupCaretaker.swift */; };
		20591E1629C08AAA00BAFFCD /* QuestionGroupData.json in Resources */ = {isa = PBXBuildFile; fileRef = 20591E1529C08AAA00BAFFCD /* QuestionGroupData.json */; };
		207F31F929BC7846002E3470 /* QuestionViewController.swift in Sources */ = {isa = PBXBuildFile; fileRef = 207F31F829BC7846002E3470 /* QuestionViewController.swift */; };
		207F31FB29BC9D68002E3470 /* SelectQuestionGroupViewController.swift in Sources */ = {isa = PBXBuildFile; fileRef = 207F31FA29BC9D68002E3470 /* SelectQuestionGroupViewController.swift */; };
		207F31FD29BCB9F7002E3470 /* QuestionGroupCell.swift in Sources */ = {isa = PBXBuildFile; fileRef = 207F31FC29BCB9F7002E3470 /* QuestionGroupCell.swift */; };
		20B2845329BF957300A306BA /* AppSettingsViewController.swift in Sources */ = {isa = PBXBuildFile; fileRef = 20B2845229BF957300A306BA /* AppSettingsViewController.swift */; };
		20E66A0F29BB4F66001A63E8 /* AppDelegate.swift in Sources */ = {isa = PBXBuildFile; fileRef = 20E66A0E29BB4F66001A63E8 /* AppDelegate.swift */; };
		20E66A1129BB4F66001A63E8 /* SceneDelegate.swift in Sources */ = {isa = PBXBuildFile; fileRef = 20E66A1029BB4F66001A63E8 /* SceneDelegate.swift */; };
		20E66A1629BB4F66001A63E8 /* Main.storyboard in Resources */ = {isa = PBXBuildFile; fileRef = 20E66A1429BB4F66001A63E8 /* Main.storyboard */; };
		20E66A2629BB4F67001A63E8 /* RabbleWabbleTests.swift in Sources */ = {isa = PBXBuildFile; fileRef = 20E66A2529BB4F67001A63E8 /* RabbleWabbleTests.swift */; };
		20E66A3029BB4F67001A63E8 /* RabbleWabbleUITests.swift in Sources */ = {isa = PBXBuildFile; fileRef = 20E66A2F29BB4F67001A63E8 /* RabbleWabbleUITests.swift */; };
		20E66A3229BB4F67001A63E8 /* RabbleWabbleUITestsLaunchTests.swift in Sources */ = {isa = PBXBuildFile; fileRef = 20E66A3129BB4F67001A63E8 /* RabbleWabbleUITestsLaunchTests.swift */; };
		20E66A4429BB5DB9001A63E8 /* Question.swift in Sources */ = {isa = PBXBuildFile; fileRef = 20E66A4329BB5DB9001A63E8 /* Question.swift */; };
		20E66A4629BB5E02001A63E8 /* QuestionGroup.swift in Sources */ = {isa = PBXBuildFile; fileRef = 20E66A4529BB5E02001A63E8 /* QuestionGroup.swift */; };
		20E66A4829BB5FB6001A63E8 /* QuestionGroupData.swift in Sources */ = {isa = PBXBuildFile; fileRef = 20E66A4729BB5FB6001A63E8 /* QuestionGroupData.swift */; };
		20E66A4A29BB643E001A63E8 /* Assets.xcassets in Resources */ = {isa = PBXBuildFile; fileRef = 20E66A4929BB643E001A63E8 /* Assets.xcassets */; };
		20E66A4C29BB6477001A63E8 /* LaunchScreen.storyboard in Resources */ = {isa = PBXBuildFile; fileRef = 20E66A4B29BB6477001A63E8 /* LaunchScreen.storyboard */; };
		20E66A4E29BB6545001A63E8 /* QuestionView.swift in Sources */ = {isa = PBXBuildFile; fileRef = 20E66A4D29BB6545001A63E8 /* QuestionView.swift */; };
/* End PBXBuildFile section */

/* Begin PBXContainerItemProxy section */
		20E66A2229BB4F67001A63E8 /* PBXContainerItemProxy */ = {
			isa = PBXContainerItemProxy;
			containerPortal = 20E66A0329BB4F66001A63E8 /* Project object */;
			proxyType = 1;
			remoteGlobalIDString = 20E66A0A29BB4F66001A63E8;
			remoteInfo = RabbleWabble;
		};
		20E66A2C29BB4F67001A63E8 /* PBXContainerItemProxy */ = {
			isa = PBXContainerItemProxy;
			containerPortal = 20E66A0329BB4F66001A63E8 /* Project object */;
			proxyType = 1;
			remoteGlobalIDString = 20E66A0A29BB4F66001A63E8;
			remoteInfo = RabbleWabble;
		};
/* End PBXContainerItemProxy section */

/* Begin PBXFileReference section */
		200DF33F29BF299C00E955E8 /* QuestionStrategy.swift */ = {isa = PBXFileReference; lastKnownFileType = sourcecode.swift; path = QuestionStrategy.swift; sourceTree = "<group>"; };
		200DF34129BF2B4500E955E8 /* SequentialQuestionStrategy.swift */ = {isa = PBXFileReference; lastKnownFileType = sourcecode.swift; path = SequentialQuestionStrategy.swift; sourceTree = "<group>"; };
		200DF34329BF2D7100E955E8 /* RandomQuestionStrategy.swift */ = {isa = PBXFileReference; lastKnownFileType = sourcecode.swift; path = RandomQuestionStrategy.swift; sourceTree = "<group>"; };
		200DF34529BF408000E955E8 /* AppSettings.swift */ = {isa = PBXFileReference; lastKnownFileType = sourcecode.swift; path = AppSettings.swift; sourceTree = "<group>"; };
		20591E1129C079F900BAFFCD /* DiskCaretaker.swift */ = {isa = PBXFileReference; lastKnownFileType = sourcecode.swift; path = DiskCaretaker.swift; sourceTree = "<group>"; };
		20591E1329C07FF000BAFFCD /* QuestionGroupCaretaker.swift */ = {isa = PBXFileReference; lastKnownFileType = sourcecode.swift; path = QuestionGroupCaretaker.swift; sourceTree = "<group>"; };
		20591E1529C08AAA00BAFFCD /* QuestionGroupData.json */ = {isa = PBXFileReference; fileEncoding = 4; lastKnownFileType = text.json; path = QuestionGroupData.json; sourceTree = "<group>"; };
		207F31F829BC7846002E3470 /* QuestionViewController.swift */ = {isa = PBXFileReference; lastKnownFileType = sourcecode.swift; path = QuestionViewController.swift; sourceTree = "<group>"; };
		207F31FA29BC9D68002E3470 /* SelectQuestionGroupViewController.swift */ = {isa = PBXFileReference; lastKnownFileType = sourcecode.swift; path = SelectQuestionGroupViewController.swift; sourceTree = "<group>"; };
		207F31FC29BCB9F7002E3470 /* QuestionGroupCell.swift */ = {isa = PBXFileReference; lastKnownFileType = sourcecode.swift; path = QuestionGroupCell.swift; sourceTree = "<group>"; };
		20B2845229BF957300A306BA /* AppSettingsViewController.swift */ = {isa = PBXFileReference; lastKnownFileType = sourcecode.swift; path = AppSettingsViewController.swift; sourceTree = "<group>"; };
		20E66A0B29BB4F66001A63E8 /* RabbleWabble.app */ = {isa = PBXFileReference; explicitFileType = wrapper.application; includeInIndex = 0; path = RabbleWabble.app; sourceTree = BUILT_PRODUCTS_DIR; };
		20E66A0E29BB4F66001A63E8 /* AppDelegate.swift */ = {isa = PBXFileReference; lastKnownFileType = sourcecode.swift; path = AppDelegate.swift; sourceTree = "<group>"; };
		20E66A1029BB4F66001A63E8 /* SceneDelegate.swift */ = {isa = PBXFileReference; lastKnownFileType = sourcecode.swift; path = SceneDelegate.swift; sourceTree = "<group>"; };
		20E66A1529BB4F66001A63E8 /* Base */ = {isa = PBXFileReference; lastKnownFileType = file.storyboard; name = Base; path = Base.lproj/Main.storyboard; sourceTree = "<group>"; };
		20E66A1C29BB4F67001A63E8 /* Info.plist */ = {isa = PBXFileReference; lastKnownFileType = text.plist.xml; path = Info.plist; sourceTree = "<group>"; };
		20E66A2129BB4F67001A63E8 /* RabbleWabbleTests.xctest */ = {isa = PBXFileReference; explicitFileType = wrapper.cfbundle; includeInIndex = 0; path = RabbleWabbleTests.xctest; sourceTree = BUILT_PRODUCTS_DIR; };
		20E66A2529BB4F67001A63E8 /* RabbleWabbleTests.swift */ = {isa = PBXFileReference; lastKnownFileType = sourcecode.swift; path = RabbleWabbleTests.swift; sourceTree = "<group>"; };
		20E66A2B29BB4F67001A63E8 /* RabbleWabbleUITests.xctest */ = {isa = PBXFileReference; explicitFileType = wrapper.cfbundle; includeInIndex = 0; path = RabbleWabbleUITests.xctest; sourceTree = BUILT_PRODUCTS_DIR; };
		20E66A2F29BB4F67001A63E8 /* RabbleWabbleUITests.swift */ = {isa = PBXFileReference; lastKnownFileType = sourcecode.swift; path = RabbleWabbleUITests.swift; sourceTree = "<group>"; };
		20E66A3129BB4F67001A63E8 /* RabbleWabbleUITestsLaunchTests.swift */ = {isa = PBXFileReference; lastKnownFileType = sourcecode.swift; path = RabbleWabbleUITestsLaunchTests.swift; sourceTree = "<group>"; };
		20E66A4329BB5DB9001A63E8 /* Question.swift */ = {isa = PBXFileReference; lastKnownFileType = sourcecode.swift; path = Question.swift; sourceTree = "<group>"; };
		20E66A4529BB5E02001A63E8 /* QuestionGroup.swift */ = {isa = PBXFileReference; lastKnownFileType = sourcecode.swift; path = QuestionGroup.swift; sourceTree = "<group>"; };
		20E66A4729BB5FB6001A63E8 /* QuestionGroupData.swift */ = {isa = PBXFileReference; lastKnownFileType = sourcecode.swift; path = QuestionGroupData.swift; sourceTree = "<group>"; };
		20E66A4929BB643E001A63E8 /* Assets.xcassets */ = {isa = PBXFileReference; lastKnownFileType = folder.assetcatalog; path = Assets.xcassets; sourceTree = "<group>"; };
		20E66A4B29BB6477001A63E8 /* LaunchScreen.storyboard */ = {isa = PBXFileReference; fileEncoding = 4; lastKnownFileType = file.storyboard; path = LaunchScreen.storyboard; sourceTree = "<group>"; };
		20E66A4D29BB6545001A63E8 /* QuestionView.swift */ = {isa = PBXFileReference; lastKnownFileType = sourcecode.swift; path = QuestionView.swift; sourceTree = "<group>"; };
/* End PBXFileReference section */

/* Begin PBXFrameworksBuildPhase section */
		20E66A0829BB4F66001A63E8 /* Frameworks */ = {
			isa = PBXFrameworksBuildPhase;
			buildActionMask = 2147483647;
			files = (
			);
			runOnlyForDeploymentPostprocessing = 0;
		};
		20E66A1E29BB4F67001A63E8 /* Frameworks */ = {
			isa = PBXFrameworksBuildPhase;
			buildActionMask = 2147483647;
			files = (
			);
			runOnlyForDeploymentPostprocessing = 0;
		};
		20E66A2829BB4F67001A63E8 /* Frameworks */ = {
			isa = PBXFrameworksBuildPhase;
			buildActionMask = 2147483647;
			files = (
			);
			runOnlyForDeploymentPostprocessing = 0;
		};
/* End PBXFrameworksBuildPhase section */

/* Begin PBXGroup section */
		200DF33E29BF296400E955E8 /* Strategies */ = {
			isa = PBXGroup;
			children = (
				200DF33F29BF299C00E955E8 /* QuestionStrategy.swift */,
				200DF34129BF2B4500E955E8 /* SequentialQuestionStrategy.swift */,
				200DF34329BF2D7100E955E8 /* RandomQuestionStrategy.swift */,
			);
			path = Strategies;
			sourceTree = "<group>";
		};
		20591E1029C079D800BAFFCD /* CareTakers */ = {
			isa = PBXGroup;
			children = (
				20591E1129C079F900BAFFCD /* DiskCaretaker.swift */,
				20591E1329C07FF000BAFFCD /* QuestionGroupCaretaker.swift */,
			);
			path = CareTakers;
			sourceTree = "<group>";
		};
		20E66A0229BB4F66001A63E8 = {
			isa = PBXGroup;
			children = (
				20E66A0D29BB4F66001A63E8 /* RabbleWabble */,
				20E66A2429BB4F67001A63E8 /* RabbleWabbleTests */,
				20E66A2E29BB4F67001A63E8 /* RabbleWabbleUITests */,
				20E66A0C29BB4F66001A63E8 /* Products */,
			);
			sourceTree = "<group>";
		};
		20E66A0C29BB4F66001A63E8 /* Products */ = {
			isa = PBXGroup;
			children = (
				20E66A0B29BB4F66001A63E8 /* RabbleWabble.app */,
				20E66A2129BB4F67001A63E8 /* RabbleWabbleTests.xctest */,
				20E66A2B29BB4F67001A63E8 /* RabbleWabbleUITests.xctest */,
			);
			name = Products;
			sourceTree = "<group>";
		};
		20E66A0D29BB4F66001A63E8 /* RabbleWabble */ = {
			isa = PBXGroup;
			children = (
				20E66A3E29BB5BD6001A63E8 /* AppDelegate */,
				20591E1029C079D800BAFFCD /* CareTakers */,
				20E66A3F29BB5BF4001A63E8 /* Controllers */,
				20E66A4029BB5BFC001A63E8 /* Models */,
				20E66A4129BB5C02001A63E8 /* Resources */,
				200DF33E29BF296400E955E8 /* Strategies */,
				20E66A4229BB5C0B001A63E8 /* Views */,
			);
			path = RabbleWabble;
			sourceTree = "<group>";
		};
		20E66A2429BB4F67001A63E8 /* RabbleWabbleTests */ = {
			isa = PBXGroup;
			children = (
				20E66A2529BB4F67001A63E8 /* RabbleWabbleTests.swift */,
			);
			path = RabbleWabbleTests;
			sourceTree = "<group>";
		};
		20E66A2E29BB4F67001A63E8 /* RabbleWabbleUITests */ = {
			isa = PBXGroup;
			children = (
				20E66A2F29BB4F67001A63E8 /* RabbleWabbleUITests.swift */,
				20E66A3129BB4F67001A63E8 /* RabbleWabbleUITestsLaunchTests.swift */,
			);
			path = RabbleWabbleUITests;
			sourceTree = "<group>";
		};
		20E66A3E29BB5BD6001A63E8 /* AppDelegate */ = {
			isa = PBXGroup;
			children = (
				20E66A0E29BB4F66001A63E8 /* AppDelegate.swift */,
				20E66A1029BB4F66001A63E8 /* SceneDelegate.swift */,
			);
			path = AppDelegate;
			sourceTree = "<group>";
		};
		20E66A3F29BB5BF4001A63E8 /* Controllers */ = {
			isa = PBXGroup;
			children = (
				207F31F829BC7846002E3470 /* QuestionViewController.swift */,
				207F31FA29BC9D68002E3470 /* SelectQuestionGroupViewController.swift */,
				20B2845229BF957300A306BA /* AppSettingsViewController.swift */,
			);
			path = Controllers;
			sourceTree = "<group>";
		};
		20E66A4029BB5BFC001A63E8 /* Models */ = {
			isa = PBXGroup;
			children = (
				20E66A4329BB5DB9001A63E8 /* Question.swift */,
				20E66A4529BB5E02001A63E8 /* QuestionGroup.swift */,
				20E66A4729BB5FB6001A63E8 /* QuestionGroupData.swift */,
				200DF34529BF408000E955E8 /* AppSettings.swift */,
			);
			path = Models;
			sourceTree = "<group>";
		};
		20E66A4129BB5C02001A63E8 /* Resources */ = {
			isa = PBXGroup;
			children = (
				20E66A4929BB643E001A63E8 /* Assets.xcassets */,
				20E66A1C29BB4F67001A63E8 /* Info.plist */,
				20591E1529C08AAA00BAFFCD /* QuestionGroupData.json */,
			);
			path = Resources;
			sourceTree = "<group>";
		};
		20E66A4229BB5C0B001A63E8 /* Views */ = {
			isa = PBXGroup;
			children = (
				20E66A1429BB4F66001A63E8 /* Main.storyboard */,
				20E66A4B29BB6477001A63E8 /* LaunchScreen.storyboard */,
				20E66A4D29BB6545001A63E8 /* QuestionView.swift */,
				207F31FC29BCB9F7002E3470 /* QuestionGroupCell.swift */,
			);
			path = Views;
			sourceTree = "<group>";
		};
/* End PBXGroup section */

/* Begin PBXNativeTarget section */
		20E66A0A29BB4F66001A63E8 /* RabbleWabble */ = {
			isa = PBXNativeTarget;
			buildConfigurationList = 20E66A3529BB4F67001A63E8 /* Build configuration list for PBXNativeTarget "RabbleWabble" */;
			buildPhases = (
				20E66A0729BB4F66001A63E8 /* Sources */,
				20E66A0829BB4F66001A63E8 /* Frameworks */,
				20E66A0929BB4F66001A63E8 /* Resources */,
			);
			buildRules = (
			);
			dependencies = (
			);
			name = RabbleWabble;
			productName = RabbleWabble;
			productReference = 20E66A0B29BB4F66001A63E8 /* RabbleWabble.app */;
			productType = "com.apple.product-type.application";
		};
		20E66A2029BB4F67001A63E8 /* RabbleWabbleTests */ = {
			isa = PBXNativeTarget;
			buildConfigurationList = 20E66A3829BB4F67001A63E8 /* Build configuration list for PBXNativeTarget "RabbleWabbleTests" */;
			buildPhases = (
				20E66A1D29BB4F67001A63E8 /* Sources */,
				20E66A1E29BB4F67001A63E8 /* Frameworks */,
				20E66A1F29BB4F67001A63E8 /* Resources */,
			);
			buildRules = (
			);
			dependencies = (
				20E66A2329BB4F67001A63E8 /* PBXTargetDependency */,
			);
			name = RabbleWabbleTests;
			productName = RabbleWabbleTests;
			productReference = 20E66A2129BB4F67001A63E8 /* RabbleWabbleTests.xctest */;
			productType = "com.apple.product-type.bundle.unit-test";
		};
		20E66A2A29BB4F67001A63E8 /* RabbleWabbleUITests */ = {
			isa = PBXNativeTarget;
			buildConfigurationList = 20E66A3B29BB4F67001A63E8 /* Build configuration list for PBXNativeTarget "RabbleWabbleUITests" */;
			buildPhases = (
				20E66A2729BB4F67001A63E8 /* Sources */,
				20E66A2829BB4F67001A63E8 /* Frameworks */,
				20E66A2929BB4F67001A63E8 /* Resources */,
			);
			buildRules = (
			);
			dependencies = (
				20E66A2D29BB4F67001A63E8 /* PBXTargetDependency */,
			);
			name = RabbleWabbleUITests;
			productName = RabbleWabbleUITests;
			productReference = 20E66A2B29BB4F67001A63E8 /* RabbleWabbleUITests.xctest */;
			productType = "com.apple.product-type.bundle.ui-testing";
		};
/* End PBXNativeTarget section */

/* Begin PBXProject section */
		20E66A0329BB4F66001A63E8 /* Project object */ = {
			isa = PBXProject;
			attributes = {
				BuildIndependentTargetsInParallel = 1;
				LastSwiftUpdateCheck = 1420;
				LastUpgradeCheck = 1420;
				TargetAttributes = {
					20E66A0A29BB4F66001A63E8 = {
						CreatedOnToolsVersion = 14.2;
					};
					20E66A2029BB4F67001A63E8 = {
						CreatedOnToolsVersion = 14.2;
						TestTargetID = 20E66A0A29BB4F66001A63E8;
					};
					20E66A2A29BB4F67001A63E8 = {
						CreatedOnToolsVersion = 14.2;
						TestTargetID = 20E66A0A29BB4F66001A63E8;
					};
				};
			};
			buildConfigurationList = 20E66A0629BB4F66001A63E8 /* Build configuration list for PBXProject "RabbleWabble" */;
			compatibilityVersion = "Xcode 14.0";
			developmentRegion = en;
			hasScannedForEncodings = 0;
			knownRegions = (
				en,
				Base,
			);
			mainGroup = 20E66A0229BB4F66001A63E8;
			productRefGroup = 20E66A0C29BB4F66001A63E8 /* Products */;
			projectDirPath = "";
			projectRoot = "";
			targets = (
				20E66A0A29BB4F66001A63E8 /* RabbleWabble */,
				20E66A2029BB4F67001A63E8 /* RabbleWabbleTests */,
				20E66A2A29BB4F67001A63E8 /* RabbleWabbleUITests */,
			);
		};
/* End PBXProject section */

/* Begin PBXResourcesBuildPhase section */
		20E66A0929BB4F66001A63E8 /* Resources */ = {
			isa = PBXResourcesBuildPhase;
			buildActionMask = 2147483647;
			files = (
				20E66A4C29BB6477001A63E8 /* LaunchScreen.storyboard in Resources */,
				20591E1629C08AAA00BAFFCD /* QuestionGroupData.json in Resources */,
				20E66A4A29BB643E001A63E8 /* Assets.xcassets in Resources */,
				20E66A1629BB4F66001A63E8 /* Main.storyboard in Resources */,
			);
			runOnlyForDeploymentPostprocessing = 0;
		};
		20E66A1F29BB4F67001A63E8 /* Resources */ = {
			isa = PBXResourcesBuildPhase;
			buildActionMask = 2147483647;
			files = (
			);
			runOnlyForDeploymentPostprocessing = 0;
		};
		20E66A2929BB4F67001A63E8 /* Resources */ = {
			isa = PBXResourcesBuildPhase;
			buildActionMask = 2147483647;
			files = (
			);
			runOnlyForDeploymentPostprocessing = 0;
		};
/* End PBXResourcesBuildPhase section */

/* Begin PBXSourcesBuildPhase section */
		20E66A0729BB4F66001A63E8 /* Sources */ = {
			isa = PBXSourcesBuildPhase;
			buildActionMask = 2147483647;
			files = (
				200DF34629BF408000E955E8 /* AppSettings.swift in Sources */,
				20E66A4429BB5DB9001A63E8 /* Question.swift in Sources */,
				20E66A0F29BB4F66001A63E8 /* AppDelegate.swift in Sources */,
				207F31F929BC7846002E3470 /* QuestionViewController.swift in Sources */,
				20E66A4E29BB6545001A63E8 /* QuestionView.swift in Sources */,
				20E66A4829BB5FB6001A63E8 /* QuestionGroupData.swift in Sources */,
				207F31FD29BCB9F7002E3470 /* QuestionGroupCell.swift in Sources */,
				200DF34229BF2B4500E955E8 /* SequentialQuestionStrategy.swift in Sources */,
				200DF34429BF2D7100E955E8 /* RandomQuestionStrategy.swift in Sources */,
				200DF34029BF299C00E955E8 /* QuestionStrategy.swift in Sources */,
				20591E1229C079F900BAFFCD /* DiskCaretaker.swift in Sources */,
				20E66A4629BB5E02001A63E8 /* QuestionGroup.swift in Sources */,
				20B2845329BF957300A306BA /* AppSettingsViewController.swift in Sources */,
				207F31FB29BC9D68002E3470 /* SelectQuestionGroupViewController.swift in Sources */,
				20591E1429C07FF000BAFFCD /* QuestionGroupCaretaker.swift in Sources */,
				20E66A1129BB4F66001A63E8 /* SceneDelegate.swift in Sources */,
			);
			runOnlyForDeploymentPostprocessing = 0;
		};
		20E66A1D29BB4F67001A63E8 /* Sources */ = {
			isa = PBXSourcesBuildPhase;
			buildActionMask = 2147483647;
			files = (
				20E66A2629BB4F67001A63E8 /* RabbleWabbleTests.swift in Sources */,
			);
			runOnlyForDeploymentPostprocessing = 0;
		};
		20E66A2729BB4F67001A63E8 /* Sources */ = {
			isa = PBXSourcesBuildPhase;
			buildActionMask = 2147483647;
			files = (
				20E66A3029BB4F67001A63E8 /* RabbleWabbleUITests.swift in Sources */,
				20E66A3229BB4F67001A63E8 /* RabbleWabbleUITestsLaunchTests.swift in Sources */,
			);
			runOnlyForDeploymentPostprocessing = 0;
		};
/* End PBXSourcesBuildPhase section */

/* Begin PBXTargetDependency section */
		20E66A2329BB4F67001A63E8 /* PBXTargetDependency */ = {
			isa = PBXTargetDependency;
			target = 20E66A0A29BB4F66001A63E8 /* RabbleWabble */;
			targetProxy = 20E66A2229BB4F67001A63E8 /* PBXContainerItemProxy */;
		};
		20E66A2D29BB4F67001A63E8 /* PBXTargetDependency */ = {
			isa = PBXTargetDependency;
			target = 20E66A0A29BB4F66001A63E8 /* RabbleWabble */;
			targetProxy = 20E66A2C29BB4F67001A63E8 /* PBXContainerItemProxy */;
		};
/* End PBXTargetDependency section */

/* Begin PBXVariantGroup section */
		20E66A1429BB4F66001A63E8 /* Main.storyboard */ = {
			isa = PBXVariantGroup;
			children = (
				20E66A1529BB4F66001A63E8 /* Base */,
			);
			name = Main.storyboard;
			sourceTree = "<group>";
		};
/* End PBXVariantGroup section */

/* Begin XCBuildConfiguration section */
		20E66A3329BB4F67001A63E8 /* Debug */ = {
			isa = XCBuildConfiguration;
			buildSettings = {
				ALWAYS_SEARCH_USER_PATHS = NO;
				CLANG_ANALYZER_NONNULL = YES;
				CLANG_ANALYZER_NUMBER_OBJECT_CONVERSION = YES_AGGRESSIVE;
				CLANG_CXX_LANGUAGE_STANDARD = "gnu++20";
				CLANG_ENABLE_MODULES = YES;
				CLANG_ENABLE_OBJC_ARC = YES;
				CLANG_ENABLE_OBJC_WEAK = YES;
				CLANG_WARN_BLOCK_CAPTURE_AUTORELEASING = YES;
				CLANG_WARN_BOOL_CONVERSION = YES;
				CLANG_WARN_COMMA = YES;
				CLANG_WARN_CONSTANT_CONVERSION = YES;
				CLANG_WARN_DEPRECATED_OBJC_IMPLEMENTATIONS = YES;
				CLANG_WARN_DIRECT_OBJC_ISA_USAGE = YES_ERROR;
				CLANG_WARN_DOCUMENTATION_COMMENTS = YES;
				CLANG_WARN_EMPTY_BODY = YES;
				CLANG_WARN_ENUM_CONVERSION = YES;
				CLANG_WARN_INFINITE_RECURSION = YES;
				CLANG_WARN_INT_CONVERSION = YES;
				CLANG_WARN_NON_LITERAL_NULL_CONVERSION = YES;
				CLANG_WARN_OBJC_IMPLICIT_RETAIN_SELF = YES;
				CLANG_WARN_OBJC_LITERAL_CONVERSION = YES;
				CLANG_WARN_OBJC_ROOT_CLASS = YES_ERROR;
				CLANG_WARN_QUOTED_INCLUDE_IN_FRAMEWORK_HEADER = YES;
				CLANG_WARN_RANGE_LOOP_ANALYSIS = YES;
				CLANG_WARN_STRICT_PROTOTYPES = YES;
				CLANG_WARN_SUSPICIOUS_MOVE = YES;
				CLANG_WARN_UNGUARDED_AVAILABILITY = YES_AGGRESSIVE;
				CLANG_WARN_UNREACHABLE_CODE = YES;
				CLANG_WARN__DUPLICATE_METHOD_MATCH = YES;
				COPY_PHASE_STRIP = NO;
				DEBUG_INFORMATION_FORMAT = dwarf;
				ENABLE_STRICT_OBJC_MSGSEND = YES;
				ENABLE_TESTABILITY = YES;
				GCC_C_LANGUAGE_STANDARD = gnu11;
				GCC_DYNAMIC_NO_PIC = NO;
				GCC_NO_COMMON_BLOCKS = YES;
				GCC_OPTIMIZATION_LEVEL = 0;
				GCC_PREPROCESSOR_DEFINITIONS = (
					"DEBUG=1",
					"$(inherited)",
				);
				GCC_WARN_64_TO_32_BIT_CONVERSION = YES;
				GCC_WARN_ABOUT_RETURN_TYPE = YES_ERROR;
				GCC_WARN_UNDECLARED_SELECTOR = YES;
				GCC_WARN_UNINITIALIZED_AUTOS = YES_AGGRESSIVE;
				GCC_WARN_UNUSED_FUNCTION = YES;
				GCC_WARN_UNUSED_VARIABLE = YES;
				IPHONEOS_DEPLOYMENT_TARGET = 16.2;
				MTL_ENABLE_DEBUG_INFO = INCLUDE_SOURCE;
				MTL_FAST_MATH = YES;
				ONLY_ACTIVE_ARCH = YES;
				SDKROOT = iphoneos;
				SWIFT_ACTIVE_COMPILATION_CONDITIONS = DEBUG;
				SWIFT_OPTIMIZATION_LEVEL = "-Onone";
			};
			name = Debug;
		};
		20E66A3429BB4F67001A63E8 /* Release */ = {
			isa = XCBuildConfiguration;
			buildSettings = {
				ALWAYS_SEARCH_USER_PATHS = NO;
				CLANG_ANALYZER_NONNULL = YES;
				CLANG_ANALYZER_NUMBER_OBJECT_CONVERSION = YES_AGGRESSIVE;
				CLANG_CXX_LANGUAGE_STANDARD = "gnu++20";
				CLANG_ENABLE_MODULES = YES;
				CLANG_ENABLE_OBJC_ARC = YES;
				CLANG_ENABLE_OBJC_WEAK = YES;
				CLANG_WARN_BLOCK_CAPTURE_AUTORELEASING = YES;
				CLANG_WARN_BOOL_CONVERSION = YES;
				CLANG_WARN_COMMA = YES;
				CLANG_WARN_CONSTANT_CONVERSION = YES;
				CLANG_WARN_DEPRECATED_OBJC_IMPLEMENTATIONS = YES;
				CLANG_WARN_DIRECT_OBJC_ISA_USAGE = YES_ERROR;
				CLANG_WARN_DOCUMENTATION_COMMENTS = YES;
				CLANG_WARN_EMPTY_BODY = YES;
				CLANG_WARN_ENUM_CONVERSION = YES;
				CLANG_WARN_INFINITE_RECURSION = YES;
				CLANG_WARN_INT_CONVERSION = YES;
				CLANG_WARN_NON_LITERAL_NULL_CONVERSION = YES;
				CLANG_WARN_OBJC_IMPLICIT_RETAIN_SELF = YES;
				CLANG_WARN_OBJC_LITERAL_CONVERSION = YES;
				CLANG_WARN_OBJC_ROOT_CLASS = YES_ERROR;
				CLANG_WARN_QUOTED_INCLUDE_IN_FRAMEWORK_HEADER = YES;
				CLANG_WARN_RANGE_LOOP_ANALYSIS = YES;
				CLANG_WARN_STRICT_PROTOTYPES = YES;
				CLANG_WARN_SUSPICIOUS_MOVE = YES;
				CLANG_WARN_UNGUARDED_AVAILABILITY = YES_AGGRESSIVE;
				CLANG_WARN_UNREACHABLE_CODE = YES;
				CLANG_WARN__DUPLICATE_METHOD_MATCH = YES;
				COPY_PHASE_STRIP = NO;
				DEBUG_INFORMATION_FORMAT = "dwarf-with-dsym";
				ENABLE_NS_ASSERTIONS = NO;
				ENABLE_STRICT_OBJC_MSGSEND = YES;
				GCC_C_LANGUAGE_STANDARD = gnu11;
				GCC_NO_COMMON_BLOCKS = YES;
				GCC_WARN_64_TO_32_BIT_CONVERSION = YES;
				GCC_WARN_ABOUT_RETURN_TYPE = YES_ERROR;
				GCC_WARN_UNDECLARED_SELECTOR = YES;
				GCC_WARN_UNINITIALIZED_AUTOS = YES_AGGRESSIVE;
				GCC_WARN_UNUSED_FUNCTION = YES;
				GCC_WARN_UNUSED_VARIABLE = YES;
				IPHONEOS_DEPLOYMENT_TARGET = 16.2;
				MTL_ENABLE_DEBUG_INFO = NO;
				MTL_FAST_MATH = YES;
				SDKROOT = iphoneos;
				SWIFT_COMPILATION_MODE = wholemodule;
				SWIFT_OPTIMIZATION_LEVEL = "-O";
				VALIDATE_PRODUCT = YES;
			};
			name = Release;
		};
		20E66A3629BB4F67001A63E8 /* Debug */ = {
			isa = XCBuildConfiguration;
			buildSettings = {
				ASSETCATALOG_COMPILER_APPICON_NAME = AppIcon;
				ASSETCATALOG_COMPILER_GLOBAL_ACCENT_COLOR_NAME = AccentColor;
				CODE_SIGN_STYLE = Automatic;
				CURRENT_PROJECT_VERSION = 1;
				DEVELOPMENT_TEAM = LB5X526724;
				GENERATE_INFOPLIST_FILE = YES;
				INFOPLIST_FILE = RabbleWabble/Resources/Info.plist;
				INFOPLIST_KEY_UIApplicationSupportsIndirectInputEvents = YES;
				INFOPLIST_KEY_UILaunchStoryboardName = LaunchScreen;
				INFOPLIST_KEY_UIMainStoryboardFile = Main;
				INFOPLIST_KEY_UISupportedInterfaceOrientations_iPad = "UIInterfaceOrientationPortrait UIInterfaceOrientationPortraitUpsideDown UIInterfaceOrientationLandscapeLeft UIInterfaceOrientationLandscapeRight";
				INFOPLIST_KEY_UISupportedInterfaceOrientations_iPhone = "UIInterfaceOrientationPortrait UIInterfaceOrientationLandscapeLeft UIInterfaceOrientationLandscapeRight";
				LD_RUNPATH_SEARCH_PATHS = (
					"$(inherited)",
					"@executable_path/Frameworks",
				);
				MARKETING_VERSION = 1.0;
				PRODUCT_BUNDLE_IDENTIFIER = emil.RabbleWabble;
				PRODUCT_NAME = "$(TARGET_NAME)";
				SWIFT_EMIT_LOC_STRINGS = YES;
				SWIFT_VERSION = 5.0;
				TARGETED_DEVICE_FAMILY = "1,2";
			};
			name = Debug;
		};
		20E66A3729BB4F67001A63E8 /* Release */ = {
			isa = XCBuildConfiguration;
			buildSettings = {
				ASSETCATALOG_COMPILER_APPICON_NAME = AppIcon;
				ASSETCATALOG_COMPILER_GLOBAL_ACCENT_COLOR_NAME = AccentColor;
				CODE_SIGN_STYLE = Automatic;
				CURRENT_PROJECT_VERSION = 1;
				DEVELOPMENT_TEAM = LB5X526724;
				GENERATE_INFOPLIST_FILE = YES;
				INFOPLIST_FILE = RabbleWabble/Resources/Info.plist;
				INFOPLIST_KEY_UIApplicationSupportsIndirectInputEvents = YES;
				INFOPLIST_KEY_UILaunchStoryboardName = LaunchScreen;
				INFOPLIST_KEY_UIMainStoryboardFile = Main;
				INFOPLIST_KEY_UISupportedInterfaceOrientations_iPad = "UIInterfaceOrientationPortrait UIInterfaceOrientationPortraitUpsideDown UIInterfaceOrientationLandscapeLeft UIInterfaceOrientationLandscapeRight";
				INFOPLIST_KEY_UISupportedInterfaceOrientations_iPhone = "UIInterfaceOrientationPortrait UIInterfaceOrientationLandscapeLeft UIInterfaceOrientationLandscapeRight";
				LD_RUNPATH_SEARCH_PATHS = (
					"$(inherited)",
					"@executable_path/Frameworks",
				);
				MARKETING_VERSION = 1.0;
				PRODUCT_BUNDLE_IDENTIFIER = emil.RabbleWabble;
				PRODUCT_NAME = "$(TARGET_NAME)";
				SWIFT_EMIT_LOC_STRINGS = YES;
				SWIFT_VERSION = 5.0;
				TARGETED_DEVICE_FAMILY = "1,2";
			};
			name = Release;
		};
		20E66A3929BB4F67001A63E8 /* Debug */ = {
			isa = XCBuildConfiguration;
			buildSettings = {
				ALWAYS_EMBED_SWIFT_STANDARD_LIBRARIES = YES;
				BUNDLE_LOADER = "$(TEST_HOST)";
				CODE_SIGN_STYLE = Automatic;
				CURRENT_PROJECT_VERSION = 1;
				DEVELOPMENT_TEAM = LB5X526724;
				GENERATE_INFOPLIST_FILE = YES;
				IPHONEOS_DEPLOYMENT_TARGET = 16.2;
				MARKETING_VERSION = 1.0;
				PRODUCT_BUNDLE_IDENTIFIER = emil.RabbleWabbleTests;
				PRODUCT_NAME = "$(TARGET_NAME)";
				SWIFT_EMIT_LOC_STRINGS = NO;
				SWIFT_VERSION = 5.0;
				TARGETED_DEVICE_FAMILY = "1,2";
				TEST_HOST = "$(BUILT_PRODUCTS_DIR)/RabbleWabble.app/$(BUNDLE_EXECUTABLE_FOLDER_PATH)/RabbleWabble";
			};
			name = Debug;
		};
		20E66A3A29BB4F67001A63E8 /* Release */ = {
			isa = XCBuildConfiguration;
			buildSettings = {
				ALWAYS_EMBED_SWIFT_STANDARD_LIBRARIES = YES;
				BUNDLE_LOADER = "$(TEST_HOST)";
				CODE_SIGN_STYLE = Automatic;
				CURRENT_PROJECT_VERSION = 1;
				DEVELOPMENT_TEAM = LB5X526724;
				GENERATE_INFOPLIST_FILE = YES;
				IPHONEOS_DEPLOYMENT_TARGET = 16.2;
				MARKETING_VERSION = 1.0;
				PRODUCT_BUNDLE_IDENTIFIER = emil.RabbleWabbleTests;
				PRODUCT_NAME = "$(TARGET_NAME)";
				SWIFT_EMIT_LOC_STRINGS = NO;
				SWIFT_VERSION = 5.0;
				TARGETED_DEVICE_FAMILY = "1,2";
				TEST_HOST = "$(BUILT_PRODUCTS_DIR)/RabbleWabble.app/$(BUNDLE_EXECUTABLE_FOLDER_PATH)/RabbleWabble";
			};
			name = Release;
		};
		20E66A3C29BB4F67001A63E8 /* Debug */ = {
			isa = XCBuildConfiguration;
			buildSettings = {
				ALWAYS_EMBED_SWIFT_STANDARD_LIBRARIES = YES;
				CODE_SIGN_STYLE = Automatic;
				CURRENT_PROJECT_VERSION = 1;
				DEVELOPMENT_TEAM = LB5X526724;
				GENERATE_INFOPLIST_FILE = YES;
				MARKETING_VERSION = 1.0;
				PRODUCT_BUNDLE_IDENTIFIER = emil.RabbleWabbleUITests;
				PRODUCT_NAME = "$(TARGET_NAME)";
				SWIFT_EMIT_LOC_STRINGS = NO;
				SWIFT_VERSION = 5.0;
				TARGETED_DEVICE_FAMILY = "1,2";
				TEST_TARGET_NAME = RabbleWabble;
			};
			name = Debug;
		};
		20E66A3D29BB4F67001A63E8 /* Release */ = {
			isa = XCBuildConfiguration;
			buildSettings = {
				ALWAYS_EMBED_SWIFT_STANDARD_LIBRARIES = YES;
				CODE_SIGN_STYLE = Automatic;
				CURRENT_PROJECT_VERSION = 1;
				DEVELOPMENT_TEAM = LB5X526724;
				GENERATE_INFOPLIST_FILE = YES;
				MARKETING_VERSION = 1.0;
				PRODUCT_BUNDLE_IDENTIFIER = emil.RabbleWabbleUITests;
				PRODUCT_NAME = "$(TARGET_NAME)";
				SWIFT_EMIT_LOC_STRINGS = NO;
				SWIFT_VERSION = 5.0;
				TARGETED_DEVICE_FAMILY = "1,2";
				TEST_TARGET_NAME = RabbleWabble;
			};
			name = Release;
		};
/* End XCBuildConfiguration section */

/* Begin XCConfigurationList section */
		20E66A0629BB4F66001A63E8 /* Build configuration list for PBXProject "RabbleWabble" */ = {
			isa = XCConfigurationList;
			buildConfigurations = (
				20E66A3329BB4F67001A63E8 /* Debug */,
				20E66A3429BB4F67001A63E8 /* Release */,
			);
			defaultConfigurationIsVisible = 0;
			defaultConfigurationName = Release;
		};
		20E66A3529BB4F67001A63E8 /* Build configuration list for PBXNativeTarget "RabbleWabble" */ = {
			isa = XCConfigurationList;
			buildConfigurations = (
				20E66A3629BB4F67001A63E8 /* Debug */,
				20E66A3729BB4F67001A63E8 /* Release */,
			);
			defaultConfigurationIsVisible = 0;
			defaultConfigurationName = Release;
		};
		20E66A3829BB4F67001A63E8 /* Build configuration list for PBXNativeTarget "RabbleWabbleTests" */ = {
			isa = XCConfigurationList;
			buildConfigurations = (
				20E66A3929BB4F67001A63E8 /* Debug */,
				20E66A3A29BB4F67001A63E8 /* Release */,
			);
			defaultConfigurationIsVisible = 0;
			defaultConfigurationName = Release;
		};
		20E66A3B29BB4F67001A63E8 /* Build configuration list for PBXNativeTarget "RabbleWabbleUITests" */ = {
			isa = XCConfigurationList;
			buildConfigurations = (
				20E66A3C29BB4F67001A63E8 /* Debug */,
				20E66A3D29BB4F67001A63E8 /* Release */,
			);
			defaultConfigurationIsVisible = 0;
			defaultConfigurationName = Release;
		};
/* End XCConfigurationList section */
	};
	rootObject = 20E66A0329BB4F66001A63E8 /* Project object */;
}
